
Microsoft Visual Studio Solution File, Format Version 12.00
# Visual Studio Version 17
VisualStudioVersion = 17.2.32616.157
MinimumVisualStudioVersion = 10.0.40219.1
Project("{FAE04EC0-301F-11D3-BF4B-00C04F79EFBC}") = "Default ScriptHook Template", "Default ScriptHook Template\Default ScriptHook Template.csproj", "{0D6350F4-428D-4730-A9AA-289C3082BFEC}"
EndProject
Global
	GlobalSection(SolutionConfigurationPlatforms) = preSolution
		Debug|Any CPU = Debug|Any CPU
		Release|Any CPU = Release|Any CPU
	EndGlobalSection
	GlobalSection(ProjectConfigurationPlatforms) = postSolution
		{0D6350F4-428D-4730-A9AA-289C3082BFEC}.Debug|Any CPU.ActiveCfg = Debug|Any CPU
		{0D6350F4-428D-4730-A9AA-289C3082BFEC}.Debug|Any CPU.Build.0 = Debug|Any CPU
		{0D6350F4-428D-4730-A9AA-289C3082BFEC}.Release|Any CPU.ActiveCfg = Release|Any CPU
		{0D6350F4-428D-4730-A9AA-289C3082BFEC}.Release|Any CPU.Build.0 = Release|Any CPU
	EndGlobalSection
	GlobalSection(SolutionProperties) = preSolution
		HideSolutionNode = FALSE
	EndGlobalSection
	GlobalSection(ExtensibilityGlobals) = postSolution
		SolutionGuid = {67B4BDC9-D2F7-48DA-B20F-92FEB702CE0A}
	EndGlobalSection
EndGlobal
